{
  "Container": {
    "tag": "1.0.0"
  },
  "Environment": {
    "tag": "1.0.0"
  },
  "Event": {
    "tag": "2.0.4"
  },
  "Crud": {
    "tag": "1.0.0"
  },
  "Sms": {
    "tag": "1.0.0"
  },
  "History": {
    "tag": "3.1.2"
  },
  "Security": {
    "tag": "3.0.4"
  },
  "Request": {
    "tag": "2.1.0"
  },
  "Template": {
    "tag": "1.1.0"
  },
  "Json": {
    "tag": "3.1.0"
  },
  "Pagination": {
    "tag": "3.1.0"
  },
  "Rest": {
    "tag": "1.3.0"
  },
  "Mail": {
    "tag": "3.0.5"
  }
}
